// !$*UTF8*$!
{
	archiveVersion = 1;
	classes = {
	};
	objectVersion = 50;
	objects = {

/* Begin PBXBuildFile section */
		30EB0203E4F0654E336CF071 /* Pods_WXCP_Flix.framework in Frameworks */ = {isa = PBXBuildFile; fileRef = 77C7F0D91D3D55C417D6E168 /* Pods_WXCP_Flix.framework */; };
		B72E13772130BAA7000E1BE9 /* MovieCell.swift in Sources */ = {isa = PBXBuildFile; fileRef = B72E13762130BAA7000E1BE9 /* MovieCell.swift */; };
		B73263302131F5E900AE962F /* PosterCell.swift in Sources */ = {isa = PBXBuildFile; fileRef = B732632F2131F5E900AE962F /* PosterCell.swift */; };
		B7326332213200B500AE962F /* TrailerViewController.swift in Sources */ = {isa = PBXBuildFile; fileRef = B7326331213200B500AE962F /* TrailerViewController.swift */; };
		B7351D9C212F9BFA00365DCE /* AppDelegate.swift in Sources */ = {isa = PBXBuildFile; fileRef = B7351D9B212F9BFA00365DCE /* AppDelegate.swift */; };
		B7351DA1212F9BFA00365DCE /* Main.storyboard in Resources */ = {isa = PBXBuildFile; fileRef = B7351D9F212F9BFA00365DCE /* Main.storyboard */; };
		B7351DA3212F9BFB00365DCE /* Assets.xcassets in Resources */ = {isa = PBXBuildFile; fileRef = B7351DA2212F9BFB00365DCE /* Assets.xcassets */; };
		B7351DA6212F9BFB00365DCE /* LaunchScreen.storyboard in Resources */ = {isa = PBXBuildFile; fileRef = B7351DA4212F9BFB00365DCE /* LaunchScreen.storyboard */; };
		B7351DB1212F9BFB00365DCE /* WXCP_FlixTests.swift in Sources */ = {isa = PBXBuildFile; fileRef = B7351DB0212F9BFB00365DCE /* WXCP_FlixTests.swift */; };
		B7351DBC212F9BFB00365DCE /* WXCP_FlixUITests.swift in Sources */ = {isa = PBXBuildFile; fileRef = B7351DBB212F9BFB00365DCE /* WXCP_FlixUITests.swift */; };
		B7351DCA212FA19E00365DCE /* NowPlayingViewController.swift in Sources */ = {isa = PBXBuildFile; fileRef = B7351DC9212FA19E00365DCE /* NowPlayingViewController.swift */; };
		B74C1A4621312F36002FD272 /* SettingsViewController.swift in Sources */ = {isa = PBXBuildFile; fileRef = B74C1A4521312F36002FD272 /* SettingsViewController.swift */; };
		B7D798D921314A2700C1471D /* SearchViewController.swift in Sources */ = {isa = PBXBuildFile; fileRef = B7D798D821314A2700C1471D /* SearchViewController.swift */; };
		B7D798E72131E7CB00C1471D /* DetailViewController.swift in Sources */ = {isa = PBXBuildFile; fileRef = B7D798E62131E7CB00C1471D /* DetailViewController.swift */; };
		B7D798E92131F0A900C1471D /* SuperheroViewController.swift in Sources */ = {isa = PBXBuildFile; fileRef = B7D798E82131F0A900C1471D /* SuperheroViewController.swift */; };
		D7412B148336434B1AF2DD5E /* Pods_WXCP_FlixUITests.framework in Frameworks */ = {isa = PBXBuildFile; fileRef = F75AA8B9739690B4DBF57A11 /* Pods_WXCP_FlixUITests.framework */; };
		D8201A938D9985697BD5834D /* Pods_WXCP_FlixTests.framework in Frameworks */ = {isa = PBXBuildFile; fileRef = 3515F33BA340756759E52A98 /* Pods_WXCP_FlixTests.framework */; };
/* End PBXBuildFile section */

/* Begin PBXContainerItemProxy section */
		B7351DAD212F9BFB00365DCE /* PBXContainerItemProxy */ = {
			isa = PBXContainerItemProxy;
			containerPortal = B7351D90212F9BFA00365DCE /* Project object */;
			proxyType = 1;
			remoteGlobalIDString = B7351D97212F9BFA00365DCE;
			remoteInfo = WXCP_Flix;
		};
		B7351DB8212F9BFB00365DCE /* PBXContainerItemProxy */ = {
			isa = PBXContainerItemProxy;
			containerPortal = B7351D90212F9BFA00365DCE /* Project object */;
			proxyType = 1;
			remoteGlobalIDString = B7351D97212F9BFA00365DCE;
			remoteInfo = WXCP_Flix;
		};
/* End PBXContainerItemProxy section */

/* Begin PBXFileReference section */
		0750FE12BC6403F7CA18E5D5 /* Pods-WXCP_FlixUITests.debug.xcconfig */ = {isa = PBXFileReference; includeInIndex = 1; lastKnownFileType = text.xcconfig; name = "Pods-WXCP_FlixUITests.debug.xcconfig"; path = "Pods/Target Support Files/Pods-WXCP_FlixUITests/Pods-WXCP_FlixUITests.debug.xcconfig"; sourceTree = "<group>"; };
		232268A347A9EBDB601B201F /* Pods-WXCP_FlixTests.debug.xcconfig */ = {isa = PBXFileReference; includeInIndex = 1; lastKnownFileType = text.xcconfig; name = "Pods-WXCP_FlixTests.debug.xcconfig"; path = "Pods/Target Support Files/Pods-WXCP_FlixTests/Pods-WXCP_FlixTests.debug.xcconfig"; sourceTree = "<group>"; };
		2F762A840233DCE02185522F /* Pods-WXCP_Flix.release.xcconfig */ = {isa = PBXFileReference; includeInIndex = 1; lastKnownFileType = text.xcconfig; name = "Pods-WXCP_Flix.release.xcconfig"; path = "Pods/Target Support Files/Pods-WXCP_Flix/Pods-WXCP_Flix.release.xcconfig"; sourceTree = "<group>"; };
		3515F33BA340756759E52A98 /* Pods_WXCP_FlixTests.framework */ = {isa = PBXFileReference; explicitFileType = wrapper.framework; includeInIndex = 0; path = Pods_WXCP_FlixTests.framework; sourceTree = BUILT_PRODUCTS_DIR; };
		5C3ED814B52D7E9E008B4FB8 /* Pods-WXCP_FlixUITests.release.xcconfig */ = {isa = PBXFileReference; includeInIndex = 1; lastKnownFileType = text.xcconfig; name = "Pods-WXCP_FlixUITests.release.xcconfig"; path = "Pods/Target Support Files/Pods-WXCP_FlixUITests/Pods-WXCP_FlixUITests.release.xcconfig"; sourceTree = "<group>"; };
		77C7F0D91D3D55C417D6E168 /* Pods_WXCP_Flix.framework */ = {isa = PBXFileReference; explicitFileType = wrapper.framework; includeInIndex = 0; path = Pods_WXCP_Flix.framework; sourceTree = BUILT_PRODUCTS_DIR; };
		78FEE2985484AB9098CD3D21 /* Pods-WXCP_FlixTests.release.xcconfig */ = {isa = PBXFileReference; includeInIndex = 1; lastKnownFileType = text.xcconfig; name = "Pods-WXCP_FlixTests.release.xcconfig"; path = "Pods/Target Support Files/Pods-WXCP_FlixTests/Pods-WXCP_FlixTests.release.xcconfig"; sourceTree = "<group>"; };
		B72E13762130BAA7000E1BE9 /* MovieCell.swift */ = {isa = PBXFileReference; lastKnownFileType = sourcecode.swift; path = MovieCell.swift; sourceTree = "<group>"; };
		B732632F2131F5E900AE962F /* PosterCell.swift */ = {isa = PBXFileReference; lastKnownFileType = sourcecode.swift; path = PosterCell.swift; sourceTree = "<group>"; };
		B7326331213200B500AE962F /* TrailerViewController.swift */ = {isa = PBXFileReference; lastKnownFileType = sourcecode.swift; path = TrailerViewController.swift; sourceTree = "<group>"; };
		B7351D98212F9BFA00365DCE /* WXCP_Flix.app */ = {isa = PBXFileReference; explicitFileType = wrapper.application; includeInIndex = 0; path = WXCP_Flix.app; sourceTree = BUILT_PRODUCTS_DIR; };
		B7351D9B212F9BFA00365DCE /* AppDelegate.swift */ = {isa = PBXFileReference; lastKnownFileType = sourcecode.swift; path = AppDelegate.swift; sourceTree = "<group>"; };
		B7351DA0212F9BFA00365DCE /* Base */ = {isa = PBXFileReference; lastKnownFileType = file.storyboard; name = Base; path = Base.lproj/Main.storyboard; sourceTree = "<group>"; };
		B7351DA2212F9BFB00365DCE /* Assets.xcassets */ = {isa = PBXFileReference; lastKnownFileType = folder.assetcatalog; path = Assets.xcassets; sourceTree = "<group>"; };
		B7351DA5212F9BFB00365DCE /* Base */ = {isa = PBXFileReference; lastKnownFileType = file.storyboard; name = Base; path = Base.lproj/LaunchScreen.storyboard; sourceTree = "<group>"; };
		B7351DA7212F9BFB00365DCE /* Info.plist */ = {isa = PBXFileReference; lastKnownFileType = text.plist.xml; path = Info.plist; sourceTree = "<group>"; };
		B7351DAC212F9BFB00365DCE /* WXCP_FlixTests.xctest */ = {isa = PBXFileReference; explicitFileType = wrapper.cfbundle; includeInIndex = 0; path = WXCP_FlixTests.xctest; sourceTree = BUILT_PRODUCTS_DIR; };
		B7351DB0212F9BFB00365DCE /* WXCP_FlixTests.swift */ = {isa = PBXFileReference; lastKnownFileType = sourcecode.swift; path = WXCP_FlixTests.swift; sourceTree = "<group>"; };
		B7351DB2212F9BFB00365DCE /* Info.plist */ = {isa = PBXFileReference; lastKnownFileType = text.plist.xml; path = Info.plist; sourceTree = "<group>"; };
		B7351DB7212F9BFB00365DCE /* WXCP_FlixUITests.xctest */ = {isa = PBXFileReference; explicitFileType = wrapper.cfbundle; includeInIndex = 0; path = WXCP_FlixUITests.xctest; sourceTree = BUILT_PRODUCTS_DIR; };
		B7351DBB212F9BFB00365DCE /* WXCP_FlixUITests.swift */ = {isa = PBXFileReference; lastKnownFileType = sourcecode.swift; path = WXCP_FlixUITests.swift; sourceTree = "<group>"; };
		B7351DBD212F9BFB00365DCE /* Info.plist */ = {isa = PBXFileReference; lastKnownFileType = text.plist.xml; path = Info.plist; sourceTree = "<group>"; };
		B7351DC9212FA19E00365DCE /* NowPlayingViewController.swift */ = {isa = PBXFileReference; lastKnownFileType = sourcecode.swift; path = NowPlayingViewController.swift; sourceTree = "<group>"; };
		B74C1A4521312F36002FD272 /* SettingsViewController.swift */ = {isa = PBXFileReference; lastKnownFileType = sourcecode.swift; path = SettingsViewController.swift; sourceTree = "<group>"; };
		B7D798D821314A2700C1471D /* SearchViewController.swift */ = {isa = PBXFileReference; lastKnownFileType = sourcecode.swift; path = SearchViewController.swift; sourceTree = "<group>"; };
		B7D798E62131E7CB00C1471D /* DetailViewController.swift */ = {isa = PBXFileReference; lastKnownFileType = sourcecode.swift; path = DetailViewController.swift; sourceTree = "<group>"; };
		B7D798E82131F0A900C1471D /* SuperheroViewController.swift */ = {isa = PBXFileReference; lastKnownFileType = sourcecode.swift; path = SuperheroViewController.swift; sourceTree = "<group>"; };
		D5610349420EF8C9AFBCF44D /* Pods-WXCP_Flix.debug.xcconfig */ = {isa = PBXFileReference; includeInIndex = 1; lastKnownFileType = text.xcconfig; name = "Pods-WXCP_Flix.debug.xcconfig"; path = "Pods/Target Support Files/Pods-WXCP_Flix/Pods-WXCP_Flix.debug.xcconfig"; sourceTree = "<group>"; };
		F75AA8B9739690B4DBF57A11 /* Pods_WXCP_FlixUITests.framework */ = {isa = PBXFileReference; explicitFileType = wrapper.framework; includeInIndex = 0; path = Pods_WXCP_FlixUITests.framework; sourceTree = BUILT_PRODUCTS_DIR; };
/* End PBXFileReference section */

/* Begin PBXFrameworksBuildPhase section */
		B7351D95212F9BFA00365DCE /* Frameworks */ = {
			isa = PBXFrameworksBuildPhase;
			buildActionMask = 2147483647;
			files = (
				30EB0203E4F0654E336CF071 /* Pods_WXCP_Flix.framework in Frameworks */,
			);
			runOnlyForDeploymentPostprocessing = 0;
		};
		B7351DA9212F9BFB00365DCE /* Frameworks */ = {
			isa = PBXFrameworksBuildPhase;
			buildActionMask = 2147483647;
			files = (
				D8201A938D9985697BD5834D /* Pods_WXCP_FlixTests.framework in Frameworks */,
			);
			runOnlyForDeploymentPostprocessing = 0;
		};
		B7351DB4212F9BFB00365DCE /* Frameworks */ = {
			isa = PBXFrameworksBuildPhase;
			buildActionMask = 2147483647;
			files = (
				D7412B148336434B1AF2DD5E /* Pods_WXCP_FlixUITests.framework in Frameworks */,
			);
			runOnlyForDeploymentPostprocessing = 0;
		};
/* End PBXFrameworksBuildPhase section */

/* Begin PBXGroup section */
		B7351D8F212F9BFA00365DCE = {
			isa = PBXGroup;
			children = (
				B7351D9A212F9BFA00365DCE /* WXCP_Flix */,
				B7351DAF212F9BFB00365DCE /* WXCP_FlixTests */,
				B7351DBA212F9BFB00365DCE /* WXCP_FlixUITests */,
				B7351D99212F9BFA00365DCE /* Products */,
				E2F545234BF2776427EF3223 /* Pods */,
				DC7450E9B295DE6457A58A8E /* Frameworks */,
			);
			sourceTree = "<group>";
		};
		B7351D99212F9BFA00365DCE /* Products */ = {
			isa = PBXGroup;
			children = (
				B7351D98212F9BFA00365DCE /* WXCP_Flix.app */,
				B7351DAC212F9BFB00365DCE /* WXCP_FlixTests.xctest */,
				B7351DB7212F9BFB00365DCE /* WXCP_FlixUITests.xctest */,
			);
			name = Products;
			sourceTree = "<group>";
		};
		B7351D9A212F9BFA00365DCE /* WXCP_Flix */ = {
			isa = PBXGroup;
			children = (
				B7D798E52131E77200C1471D /* Views */,
				B7D798E42131E76400C1471D /* ViewControllers */,
				B7351D9B212F9BFA00365DCE /* AppDelegate.swift */,
				B7351D9F212F9BFA00365DCE /* Main.storyboard */,
				B7351DA2212F9BFB00365DCE /* Assets.xcassets */,
				B7351DA4212F9BFB00365DCE /* LaunchScreen.storyboard */,
				B7351DA7212F9BFB00365DCE /* Info.plist */,
			);
			path = WXCP_Flix;
			sourceTree = "<group>";
		};
		B7351DAF212F9BFB00365DCE /* WXCP_FlixTests */ = {
			isa = PBXGroup;
			children = (
				B7351DB0212F9BFB00365DCE /* WXCP_FlixTests.swift */,
				B7351DB2212F9BFB00365DCE /* Info.plist */,
			);
			path = WXCP_FlixTests;
			sourceTree = "<group>";
		};
		B7351DBA212F9BFB00365DCE /* WXCP_FlixUITests */ = {
			isa = PBXGroup;
			children = (
				B7351DBB212F9BFB00365DCE /* WXCP_FlixUITests.swift */,
				B7351DBD212F9BFB00365DCE /* Info.plist */,
			);
			path = WXCP_FlixUITests;
			sourceTree = "<group>";
		};
		B7D798E42131E76400C1471D /* ViewControllers */ = {
			isa = PBXGroup;
			children = (
				B7351DC9212FA19E00365DCE /* NowPlayingViewController.swift */,
				B74C1A4521312F36002FD272 /* SettingsViewController.swift */,
				B7D798D821314A2700C1471D /* SearchViewController.swift */,
				B7D798E62131E7CB00C1471D /* DetailViewController.swift */,
				B7D798E82131F0A900C1471D /* SuperheroViewController.swift */,
				B7326331213200B500AE962F /* TrailerViewController.swift */,
			);
			path = ViewControllers;
			sourceTree = "<group>";
		};
		B7D798E52131E77200C1471D /* Views */ = {
			isa = PBXGroup;
			children = (
				B72E13762130BAA7000E1BE9 /* MovieCell.swift */,
				B732632F2131F5E900AE962F /* PosterCell.swift */,
			);
			path = Views;
			sourceTree = "<group>";
		};
		DC7450E9B295DE6457A58A8E /* Frameworks */ = {
			isa = PBXGroup;
			children = (
				77C7F0D91D3D55C417D6E168 /* Pods_WXCP_Flix.framework */,
				3515F33BA340756759E52A98 /* Pods_WXCP_FlixTests.framework */,
				F75AA8B9739690B4DBF57A11 /* Pods_WXCP_FlixUITests.framework */,
			);
			name = Frameworks;
			sourceTree = "<group>";
		};
		E2F545234BF2776427EF3223 /* Pods */ = {
			isa = PBXGroup;
			children = (
				D5610349420EF8C9AFBCF44D /* Pods-WXCP_Flix.debug.xcconfig */,
				2F762A840233DCE02185522F /* Pods-WXCP_Flix.release.xcconfig */,
				232268A347A9EBDB601B201F /* Pods-WXCP_FlixTests.debug.xcconfig */,
				78FEE2985484AB9098CD3D21 /* Pods-WXCP_FlixTests.release.xcconfig */,
				0750FE12BC6403F7CA18E5D5 /* Pods-WXCP_FlixUITests.debug.xcconfig */,
				5C3ED814B52D7E9E008B4FB8 /* Pods-WXCP_FlixUITests.release.xcconfig */,
			);
			name = Pods;
			sourceTree = "<group>";
		};
/* End PBXGroup section */

/* Begin PBXNativeTarget section */
		B7351D97212F9BFA00365DCE /* WXCP_Flix */ = {
			isa = PBXNativeTarget;
			buildConfigurationList = B7351DC0212F9BFB00365DCE /* Build configuration list for PBXNativeTarget "WXCP_Flix" */;
			buildPhases = (
				63176710B708EB52D480AFA1 /* [CP] Check Pods Manifest.lock */,
				B7351D94212F9BFA00365DCE /* Sources */,
				B7351D95212F9BFA00365DCE /* Frameworks */,
				B7351D96212F9BFA00365DCE /* Resources */,
				06B85A681359566CD98B163F /* [CP] Embed Pods Frameworks */,
			);
			buildRules = (
			);
			dependencies = (
			);
			name = WXCP_Flix;
			productName = WXCP_Flix;
			productReference = B7351D98212F9BFA00365DCE /* WXCP_Flix.app */;
			productType = "com.apple.product-type.application";
		};
		B7351DAB212F9BFB00365DCE /* WXCP_FlixTests */ = {
			isa = PBXNativeTarget;
			buildConfigurationList = B7351DC3212F9BFB00365DCE /* Build configuration list for PBXNativeTarget "WXCP_FlixTests" */;
			buildPhases = (
				31ECFA7E6B21352F6267FDA9 /* [CP] Check Pods Manifest.lock */,
				B7351DA8212F9BFB00365DCE /* Sources */,
				B7351DA9212F9BFB00365DCE /* Frameworks */,
				B7351DAA212F9BFB00365DCE /* Resources */,
			);
			buildRules = (
			);
			dependencies = (
				B7351DAE212F9BFB00365DCE /* PBXTargetDependency */,
			);
			name = WXCP_FlixTests;
			productName = WXCP_FlixTests;
			productReference = B7351DAC212F9BFB00365DCE /* WXCP_FlixTests.xctest */;
			productType = "com.apple.product-type.bundle.unit-test";
		};
		B7351DB6212F9BFB00365DCE /* WXCP_FlixUITests */ = {
			isa = PBXNativeTarget;
			buildConfigurationList = B7351DC6212F9BFB00365DCE /* Build configuration list for PBXNativeTarget "WXCP_FlixUITests" */;
			buildPhases = (
				4E4D5BCFEFE1358EC3A36990 /* [CP] Check Pods Manifest.lock */,
				B7351DB3212F9BFB00365DCE /* Sources */,
				B7351DB4212F9BFB00365DCE /* Frameworks */,
				B7351DB5212F9BFB00365DCE /* Resources */,
			);
			buildRules = (
			);
			dependencies = (
				B7351DB9212F9BFB00365DCE /* PBXTargetDependency */,
			);
			name = WXCP_FlixUITests;
			productName = WXCP_FlixUITests;
			productReference = B7351DB7212F9BFB00365DCE /* WXCP_FlixUITests.xctest */;
			productType = "com.apple.product-type.bundle.ui-testing";
		};
/* End PBXNativeTarget section */

/* Begin PBXProject section */
		B7351D90212F9BFA00365DCE /* Project object */ = {
			isa = PBXProject;
			attributes = {
				LastSwiftUpdateCheck = 0940;
				LastUpgradeCheck = 0940;
				ORGANIZATIONNAME = "Will Xu ";
				TargetAttributes = {
					B7351D97212F9BFA00365DCE = {
						CreatedOnToolsVersion = 9.4.1;
					};
					B7351DAB212F9BFB00365DCE = {
						CreatedOnToolsVersion = 9.4.1;
						TestTargetID = B7351D97212F9BFA00365DCE;
					};
					B7351DB6212F9BFB00365DCE = {
						CreatedOnToolsVersion = 9.4.1;
						TestTargetID = B7351D97212F9BFA00365DCE;
					};
				};
			};
			buildConfigurationList = B7351D93212F9BFA00365DCE /* Build configuration list for PBXProject "WXCP_Flix" */;
			compatibilityVersion = "Xcode 9.3";
			developmentRegion = en;
			hasScannedForEncodings = 0;
			knownRegions = (
				en,
				Base,
			);
			mainGroup = B7351D8F212F9BFA00365DCE;
			productRefGroup = B7351D99212F9BFA00365DCE /* Products */;
			projectDirPath = "";
			projectRoot = "";
			targets = (
				B7351D97212F9BFA00365DCE /* WXCP_Flix */,
				B7351DAB212F9BFB00365DCE /* WXCP_FlixTests */,
				B7351DB6212F9BFB00365DCE /* WXCP_FlixUITests */,
			);
		};
/* End PBXProject section */

/* Begin PBXResourcesBuildPhase section */
		B7351D96212F9BFA00365DCE /* Resources */ = {
			isa = PBXResourcesBuildPhase;
			buildActionMask = 2147483647;
			files = (
				B7351DA6212F9BFB00365DCE /* LaunchScreen.storyboard in Resources */,
				B7351DA3212F9BFB00365DCE /* Assets.xcassets in Resources */,
				B7351DA1212F9BFA00365DCE /* Main.storyboard in Resources */,
			);
			runOnlyForDeploymentPostprocessing = 0;
		};
		B7351DAA212F9BFB00365DCE /* Resources */ = {
			isa = PBXResourcesBuildPhase;
			buildActionMask = 2147483647;
			files = (
			);
			runOnlyForDeploymentPostprocessing = 0;
		};
		B7351DB5212F9BFB00365DCE /* Resources */ = {
			isa = PBXResourcesBuildPhase;
			buildActionMask = 2147483647;
			files = (
			);
			runOnlyForDeploymentPostprocessing = 0;
		};
/* End PBXResourcesBuildPhase section */

/* Begin PBXShellScriptBuildPhase section */
		06B85A681359566CD98B163F /* [CP] Embed Pods Frameworks */ = {
			isa = PBXShellScriptBuildPhase;
			buildActionMask = 2147483647;
			files = (
			);
			inputPaths = (
				"${SRCROOT}/Pods/Target Support Files/Pods-WXCP_Flix/Pods-WXCP_Flix-frameworks.sh",
				"${BUILT_PRODUCTS_DIR}/Alamofire/Alamofire.framework",
				"${BUILT_PRODUCTS_DIR}/AlamofireImage/AlamofireImage.framework",
			);
			name = "[CP] Embed Pods Frameworks";
			outputPaths = (
				"${TARGET_BUILD_DIR}/${FRAMEWORKS_FOLDER_PATH}/Alamofire.framework",
				"${TARGET_BUILD_DIR}/${FRAMEWORKS_FOLDER_PATH}/AlamofireImage.framework",
			);
			runOnlyForDeploymentPostprocessing = 0;
			shellPath = /bin/sh;
			shellScript = "\"${SRCROOT}/Pods/Target Support Files/Pods-WXCP_Flix/Pods-WXCP_Flix-frameworks.sh\"\n";
			showEnvVarsInLog = 0;
		};
		31ECFA7E6B21352F6267FDA9 /* [CP] Check Pods Manifest.lock */ = {
			isa = PBXShellScriptBuildPhase;
			buildActionMask = 2147483647;
			files = (
			);
			inputPaths = (
				"${PODS_PODFILE_DIR_PATH}/Podfile.lock",
				"${PODS_ROOT}/Manifest.lock",
			);
			name = "[CP] Check Pods Manifest.lock";
			outputPaths = (
				"$(DERIVED_FILE_DIR)/Pods-WXCP_FlixTests-checkManifestLockResult.txt",
			);
			runOnlyForDeploymentPostprocessing = 0;
			shellPath = /bin/sh;
			shellScript = "diff \"${PODS_PODFILE_DIR_PATH}/Podfile.lock\" \"${PODS_ROOT}/Manifest.lock\" > /dev/null\nif [ $? != 0 ] ; then\n    # print error to STDERR\n    echo \"error: The sandbox is not in sync with the Podfile.lock. Run 'pod install' or update your CocoaPods installation.\" >&2\n    exit 1\nfi\n# This output is used by Xcode 'outputs' to avoid re-running this script phase.\necho \"SUCCESS\" > \"${SCRIPT_OUTPUT_FILE_0}\"\n";
			showEnvVarsInLog = 0;
		};
		4E4D5BCFEFE1358EC3A36990 /* [CP] Check Pods Manifest.lock */ = {
			isa = PBXShellScriptBuildPhase;
			buildActionMask = 2147483647;
			files = (
			);
			inputPaths = (
				"${PODS_PODFILE_DIR_PATH}/Podfile.lock",
				"${PODS_ROOT}/Manifest.lock",
			);
			name = "[CP] Check Pods Manifest.lock";
			outputPaths = (
				"$(DERIVED_FILE_DIR)/Pods-WXCP_FlixUITests-checkManifestLockResult.txt",
			);
			runOnlyForDeploymentPostprocessing = 0;
			shellPath = /bin/sh;
			shellScript = "diff \"${PODS_PODFILE_DIR_PATH}/Podfile.lock\" \"${PODS_ROOT}/Manifest.lock\" > /dev/null\nif [ $? != 0 ] ; then\n    # print error to STDERR\n    echo \"error: The sandbox is not in sync with the Podfile.lock. Run 'pod install' or update your CocoaPods installation.\" >&2\n    exit 1\nfi\n# This output is used by Xcode 'outputs' to avoid re-running this script phase.\necho \"SUCCESS\" > \"${SCRIPT_OUTPUT_FILE_0}\"\n";
			showEnvVarsInLog = 0;
		};
		63176710B708EB52D480AFA1 /* [CP] Check Pods Manifest.lock */ = {
			isa = PBXShellScriptBuildPhase;
			buildActionMask = 2147483647;
			files = (
			);
			inputPaths = (
				"${PODS_PODFILE_DIR_PATH}/Podfile.lock",
				"${PODS_ROOT}/Manifest.lock",
			);
			name = "[CP] Check Pods Manifest.lock";
			outputPaths = (
				"$(DERIVED_FILE_DIR)/Pods-WXCP_Flix-checkManifestLockResult.txt",
			);
			runOnlyForDeploymentPostprocessing = 0;
			shellPath = /bin/sh;
			shellScript = "diff \"${PODS_PODFILE_DIR_PATH}/Podfile.lock\" \"${PODS_ROOT}/Manifest.lock\" > /dev/null\nif [ $? != 0 ] ; then\n    # print error to STDERR\n    echo \"error: The sandbox is not in sync with the Podfile.lock. Run 'pod install' or update your CocoaPods installation.\" >&2\n    exit 1\nfi\n# This output is used by Xcode 'outputs' to avoid re-running this script phase.\necho \"SUCCESS\" > \"${SCRIPT_OUTPUT_FILE_0}\"\n";
			showEnvVarsInLog = 0;
		};
/* End PBXShellScriptBuildPhase section */

/* Begin PBXSourcesBuildPhase section */
		B7351D94212F9BFA00365DCE /* Sources */ = {
			isa = PBXSourcesBuildPhase;
			buildActionMask = 2147483647;
			files = (
				B7D798D921314A2700C1471D /* SearchViewController.swift in Sources */,
				B73263302131F5E900AE962F /* PosterCell.swift in Sources */,
				B7351DCA212FA19E00365DCE /* NowPlayingViewController.swift in Sources */,
				B7351D9C212F9BFA00365DCE /* AppDelegate.swift in Sources */,
				B7D798E92131F0A900C1471D /* SuperheroViewController.swift in Sources */,
				B74C1A4621312F36002FD272 /* SettingsViewController.swift in Sources */,
				B72E13772130BAA7000E1BE9 /* MovieCell.swift in Sources */,
				B7D798E72131E7CB00C1471D /* DetailViewController.swift in Sources */,
				B7326332213200B500AE962F /* TrailerViewController.swift in Sources */,
			);
			runOnlyForDeploymentPostprocessing = 0;
		};
		B7351DA8212F9BFB00365DCE /* Sources */ = {
			isa = PBXSourcesBuildPhase;
			buildActionMask = 2147483647;
			files = (
				B7351DB1212F9BFB00365DCE /* WXCP_FlixTests.swift in Sources */,
			);
			runOnlyForDeploymentPostprocessing = 0;
		};
		B7351DB3212F9BFB00365DCE /* Sources */ = {
			isa = PBXSourcesBuildPhase;
			buildActionMask = 2147483647;
			files = (
				B7351DBC212F9BFB00365DCE /* WXCP_FlixUITests.swift in Sources */,
			);
			runOnlyForDeploymentPostprocessing = 0;
		};
/* End PBXSourcesBuildPhase section */

/* Begin PBXTargetDependency section */
		B7351DAE212F9BFB00365DCE /* PBXTargetDependency */ = {
			isa = PBXTargetDependency;
			target = B7351D97212F9BFA00365DCE /* WXCP_Flix */;
			targetProxy = B7351DAD212F9BFB00365DCE /* PBXContainerItemProxy */;
		};
		B7351DB9212F9BFB00365DCE /* PBXTargetDependency */ = {
			isa = PBXTargetDependency;
			target = B7351D97212F9BFA00365DCE /* WXCP_Flix */;
			targetProxy = B7351DB8212F9BFB00365DCE /* PBXContainerItemProxy */;
		};
/* End PBXTargetDependency section */

/* Begin PBXVariantGroup section */
		B7351D9F212F9BFA00365DCE /* Main.storyboard */ = {
			isa = PBXVariantGroup;
			children = (
				B7351DA0212F9BFA00365DCE /* Base */,
			);
			name = Main.storyboard;
			sourceTree = "<group>";
		};
		B7351DA4212F9BFB00365DCE /* LaunchScreen.storyboard */ = {
			isa = PBXVariantGroup;
			children = (
				B7351DA5212F9BFB00365DCE /* Base */,
			);
			name = LaunchScreen.storyboard;
			sourceTree = "<group>";
		};
/* End PBXVariantGroup section */

/* Begin XCBuildConfiguration section */
		B7351DBE212F9BFB00365DCE /* Debug */ = {
			isa = XCBuildConfiguration;
			buildSettings = {
				ALWAYS_SEARCH_USER_PATHS = NO;
				CLANG_ANALYZER_NONNULL = YES;
				CLANG_ANALYZER_NUMBER_OBJECT_CONVERSION = YES_AGGRESSIVE;
				CLANG_CXX_LANGUAGE_STANDARD = "gnu++14";
				CLANG_CXX_LIBRARY = "libc++";
				CLANG_ENABLE_MODULES = YES;
				CLANG_ENABLE_OBJC_ARC = YES;
				CLANG_ENABLE_OBJC_WEAK = YES;
				CLANG_WARN_BLOCK_CAPTURE_AUTORELEASING = YES;
				CLANG_WARN_BOOL_CONVERSION = YES;
				CLANG_WARN_COMMA = YES;
				CLANG_WARN_CONSTANT_CONVERSION = YES;
				CLANG_WARN_DEPRECATED_OBJC_IMPLEMENTATIONS = YES;
				CLANG_WARN_DIRECT_OBJC_ISA_USAGE = YES_ERROR;
				CLANG_WARN_DOCUMENTATION_COMMENTS = YES;
				CLANG_WARN_EMPTY_BODY = YES;
				CLANG_WARN_ENUM_CONVERSION = YES;
				CLANG_WARN_INFINITE_RECURSION = YES;
				CLANG_WARN_INT_CONVERSION = YES;
				CLANG_WARN_NON_LITERAL_NULL_CONVERSION = YES;
				CLANG_WARN_OBJC_IMPLICIT_RETAIN_SELF = YES;
				CLANG_WARN_OBJC_LITERAL_CONVERSION = YES;
				CLANG_WARN_OBJC_ROOT_CLASS = YES_ERROR;
				CLANG_WARN_RANGE_LOOP_ANALYSIS = YES;
				CLANG_WARN_STRICT_PROTOTYPES = YES;
				CLANG_WARN_SUSPICIOUS_MOVE = YES;
				CLANG_WARN_UNGUARDED_AVAILABILITY = YES_AGGRESSIVE;
				CLANG_WARN_UNREACHABLE_CODE = YES;
				CLANG_WARN__DUPLICATE_METHOD_MATCH = YES;
				CODE_SIGN_IDENTITY = "iPhone Developer";
				COPY_PHASE_STRIP = NO;
				DEBUG_INFORMATION_FORMAT = dwarf;
				ENABLE_STRICT_OBJC_MSGSEND = YES;
				ENABLE_TESTABILITY = YES;
				GCC_C_LANGUAGE_STANDARD = gnu11;
				GCC_DYNAMIC_NO_PIC = NO;
				GCC_NO_COMMON_BLOCKS = YES;
				GCC_OPTIMIZATION_LEVEL = 0;
				GCC_PREPROCESSOR_DEFINITIONS = (
					"DEBUG=1",
					"$(inherited)",
				);
				GCC_WARN_64_TO_32_BIT_CONVERSION = YES;
				GCC_WARN_ABOUT_RETURN_TYPE = YES_ERROR;
				GCC_WARN_UNDECLARED_SELECTOR = YES;
				GCC_WARN_UNINITIALIZED_AUTOS = YES_AGGRESSIVE;
				GCC_WARN_UNUSED_FUNCTION = YES;
				GCC_WARN_UNUSED_VARIABLE = YES;
				IPHONEOS_DEPLOYMENT_TARGET = 11.4;
				MTL_ENABLE_DEBUG_INFO = YES;
				ONLY_ACTIVE_ARCH = YES;
				SDKROOT = iphoneos;
				SWIFT_ACTIVE_COMPILATION_CONDITIONS = DEBUG;
				SWIFT_OPTIMIZATION_LEVEL = "-Onone";
			};
			name = Debug;
		};
		B7351DBF212F9BFB00365DCE /* Release */ = {
			isa = XCBuildConfiguration;
			buildSettings = {
				ALWAYS_SEARCH_USER_PATHS = NO;
				CLANG_ANALYZER_NONNULL = YES;
				CLANG_ANALYZER_NUMBER_OBJECT_CONVERSION = YES_AGGRESSIVE;
				CLANG_CXX_LANGUAGE_STANDARD = "gnu++14";
				CLANG_CXX_LIBRARY = "libc++";
				CLANG_ENABLE_MODULES = YES;
				CLANG_ENABLE_OBJC_ARC = YES;
				CLANG_ENABLE_OBJC_WEAK = YES;
				CLANG_WARN_BLOCK_CAPTURE_AUTORELEASING = YES;
				CLANG_WARN_BOOL_CONVERSION = YES;
				CLANG_WARN_COMMA = YES;
				CLANG_WARN_CONSTANT_CONVERSION = YES;
				CLANG_WARN_DEPRECATED_OBJC_IMPLEMENTATIONS = YES;
				CLANG_WARN_DIRECT_OBJC_ISA_USAGE = YES_ERROR;
				CLANG_WARN_DOCUMENTATION_COMMENTS = YES;
				CLANG_WARN_EMPTY_BODY = YES;
				CLANG_WARN_ENUM_CONVERSION = YES;
				CLANG_WARN_INFINITE_RECURSION = YES;
				CLANG_WARN_INT_CONVERSION = YES;
				CLANG_WARN_NON_LITERAL_NULL_CONVERSION = YES;
				CLANG_WARN_OBJC_IMPLICIT_RETAIN_SELF = YES;
				CLANG_WARN_OBJC_LITERAL_CONVERSION = YES;
				CLANG_WARN_OBJC_ROOT_CLASS = YES_ERROR;
				CLANG_WARN_RANGE_LOOP_ANALYSIS = YES;
				CLANG_WARN_STRICT_PROTOTYPES = YES;
				CLANG_WARN_SUSPICIOUS_MOVE = YES;
				CLANG_WARN_UNGUARDED_AVAILABILITY = YES_AGGRESSIVE;
				CLANG_WARN_UNREACHABLE_CODE = YES;
				CLANG_WARN__DUPLICATE_METHOD_MATCH = YES;
				CODE_SIGN_IDENTITY = "iPhone Developer";
				COPY_PHASE_STRIP = NO;
				DEBUG_INFORMATION_FORMAT = "dwarf-with-dsym";
				ENABLE_NS_ASSERTIONS = NO;
				ENABLE_STRICT_OBJC_MSGSEND = YES;
				GCC_C_LANGUAGE_STANDARD = gnu11;
				GCC_NO_COMMON_BLOCKS = YES;
				GCC_WARN_64_TO_32_BIT_CONVERSION = YES;
				GCC_WARN_ABOUT_RETURN_TYPE = YES_ERROR;
				GCC_WARN_UNDECLARED_SELECTOR = YES;
				GCC_WARN_UNINITIALIZED_AUTOS = YES_AGGRESSIVE;
				GCC_WARN_UNUSED_FUNCTION = YES;
				GCC_WARN_UNUSED_VARIABLE = YES;
				IPHONEOS_DEPLOYMENT_TARGET = 11.4;
				MTL_ENABLE_DEBUG_INFO = NO;
				SDKROOT = iphoneos;
				SWIFT_COMPILATION_MODE = wholemodule;
				SWIFT_OPTIMIZATION_LEVEL = "-O";
				VALIDATE_PRODUCT = YES;
			};
			name = Release;
		};
		B7351DC1212F9BFB00365DCE /* Debug */ = {
			isa = XCBuildConfiguration;
			baseConfigurationReference = D5610349420EF8C9AFBCF44D /* Pods-WXCP_Flix.debug.xcconfig */;
			buildSettings = {
				ASSETCATALOG_COMPILER_APPICON_NAME = AppIcon;
				CODE_SIGN_STYLE = Automatic;
				DEVELOPMENT_TEAM = 6JP3MMS6QY;
				INFOPLIST_FILE = WXCP_Flix/Info.plist;
				LD_RUNPATH_SEARCH_PATHS = (
					"$(inherited)",
					"@executable_path/Frameworks",
				);
				PRODUCT_BUNDLE_IDENTIFIER = "com.codepath.WXCP-Flix";
				PRODUCT_NAME = "$(TARGET_NAME)";
				SWIFT_VERSION = 4.0;
				TARGETED_DEVICE_FAMILY = "1,2";
			};
			name = Debug;
		};
		B7351DC2212F9BFB00365DCE /* Release */ = {
			isa = XCBuildConfiguration;
			baseConfigurationReference = 2F762A840233DCE02185522F /* Pods-WXCP_Flix.release.xcconfig */;
			buildSettings = {
				ASSETCATALOG_COMPILER_APPICON_NAME = AppIcon;
				CODE_SIGN_STYLE = Automatic;
				DEVELOPMENT_TEAM = 6JP3MMS6QY;
				INFOPLIST_FILE = WXCP_Flix/Info.plist;
				LD_RUNPATH_SEARCH_PATHS = (
					"$(inherited)",
					"@executable_path/Frameworks",
				);
				PRODUCT_BUNDLE_IDENTIFIER = "com.codepath.WXCP-Flix";
				PRODUCT_NAME = "$(TARGET_NAME)";
				SWIFT_VERSION = 4.0;
				TARGETED_DEVICE_FAMILY = "1,2";
			};
			name = Release;
		};
		B7351DC4212F9BFB00365DCE /* Debug */ = {
			isa = XCBuildConfiguration;
			baseConfigurationReference = 232268A347A9EBDB601B201F /* Pods-WXCP_FlixTests.debug.xcconfig */;
			buildSettings = {
				ALWAYS_EMBED_SWIFT_STANDARD_LIBRARIES = YES;
				BUNDLE_LOADER = "$(TEST_HOST)";
				CODE_SIGN_STYLE = Automatic;
				DEVELOPMENT_TEAM = 6JP3MMS6QY;
				INFOPLIST_FILE = WXCP_FlixTests/Info.plist;
				LD_RUNPATH_SEARCH_PATHS = (
					"$(inherited)",
					"@executable_path/Frameworks",
					"@loader_path/Frameworks",
				);
				PRODUCT_BUNDLE_IDENTIFIER = "com.codepath.WXCP-FlixTests";
				PRODUCT_NAME = "$(TARGET_NAME)";
				SWIFT_VERSION = 4.0;
				TARGETED_DEVICE_FAMILY = "1,2";
				TEST_HOST = "$(BUILT_PRODUCTS_DIR)/WXCP_Flix.app/WXCP_Flix";
			};
			name = Debug;
		};
		B7351DC5212F9BFB00365DCE /* Release */ = {
			isa = XCBuildConfiguration;
			baseConfigurationReference = 78FEE2985484AB9098CD3D21 /* Pods-WXCP_FlixTests.release.xcconfig */;
			buildSettings = {
				ALWAYS_EMBED_SWIFT_STANDARD_LIBRARIES = YES;
				BUNDLE_LOADER = "$(TEST_HOST)";
				CODE_SIGN_STYLE = Automatic;
				DEVELOPMENT_TEAM = 6JP3MMS6QY;
				INFOPLIST_FILE = WXCP_FlixTests/Info.plist;
				LD_RUNPATH_SEARCH_PATHS = (
					"$(inherited)",
					"@executable_path/Frameworks",
					"@loader_path/Frameworks",
				);
				PRODUCT_BUNDLE_IDENTIFIER = "com.codepath.WXCP-FlixTests";
				PRODUCT_NAME = "$(TARGET_NAME)";
				SWIFT_VERSION = 4.0;
				TARGETED_DEVICE_FAMILY = "1,2";
				TEST_HOST = "$(BUILT_PRODUCTS_DIR)/WXCP_Flix.app/WXCP_Flix";
			};
			name = Release;
		};
		B7351DC7212F9BFB00365DCE /* Debug */ = {
			isa = XCBuildConfiguration;
			baseConfigurationReference = 0750FE12BC6403F7CA18E5D5 /* Pods-WXCP_FlixUITests.debug.xcconfig */;
			buildSettings = {
				ALWAYS_EMBED_SWIFT_STANDARD_LIBRARIES = YES;
				CODE_SIGN_STYLE = Automatic;
				DEVELOPMENT_TEAM = 6JP3MMS6QY;
				INFOPLIST_FILE = WXCP_FlixUITests/Info.plist;
				LD_RUNPATH_SEARCH_PATHS = (
					"$(inherited)",
					"@executable_path/Frameworks",
					"@loader_path/Frameworks",
				);
				PRODUCT_BUNDLE_IDENTIFIER = "com.codepath.WXCP-FlixUITests";
				PRODUCT_NAME = "$(TARGET_NAME)";
				SWIFT_VERSION = 4.0;
				TARGETED_DEVICE_FAMILY = "1,2";
				TEST_TARGET_NAME = WXCP_Flix;
			};
			name = Debug;
		};
		B7351DC8212F9BFB00365DCE /* Release */ = {
			isa = XCBuildConfiguration;
			baseConfigurationReference = 5C3ED814B52D7E9E008B4FB8 /* Pods-WXCP_FlixUITests.release.xcconfig */;
			buildSettings = {
				ALWAYS_EMBED_SWIFT_STANDARD_LIBRARIES = YES;
				CODE_SIGN_STYLE = Automatic;
				DEVELOPMENT_TEAM = 6JP3MMS6QY;
				INFOPLIST_FILE = WXCP_FlixUITests/Info.plist;
				LD_RUNPATH_SEARCH_PATHS = (
					"$(inherited)",
					"@executable_path/Frameworks",
					"@loader_path/Frameworks",
				);
				PRODUCT_BUNDLE_IDENTIFIER = "com.codepath.WXCP-FlixUITests";
				PRODUCT_NAME = "$(TARGET_NAME)";
				SWIFT_VERSION = 4.0;
				TARGETED_DEVICE_FAMILY = "1,2";
				TEST_TARGET_NAME = WXCP_Flix;
			};
			name = Release;
		};
/* End XCBuildConfiguration section */

/* Begin XCConfigurationList section */
		B7351D93212F9BFA00365DCE /* Build configuration list for PBXProject "WXCP_Flix" */ = {
			isa = XCConfigurationList;
			buildConfigurations = (
				B7351DBE212F9BFB00365DCE /* Debug */,
				B7351DBF212F9BFB00365DCE /* Release */,
			);
			defaultConfigurationIsVisible = 0;
			defaultConfigurationName = Release;
		};
		B7351DC0212F9BFB00365DCE /* Build configuration list for PBXNativeTarget "WXCP_Flix" */ = {
			isa = XCConfigurationList;
			buildConfigurations = (
				B7351DC1212F9BFB00365DCE /* Debug */,
				B7351DC2212F9BFB00365DCE /* Release */,
			);
			defaultConfigurationIsVisible = 0;
			defaultConfigurationName = Release;
		};
		B7351DC3212F9BFB00365DCE /* Build configuration list for PBXNativeTarget "WXCP_FlixTests" */ = {
			isa = XCConfigurationList;
			buildConfigurations = (
				B7351DC4212F9BFB00365DCE /* Debug */,
				B7351DC5212F9BFB00365DCE /* Release */,
			);
			defaultConfigurationIsVisible = 0;
			defaultConfigurationName = Release;
		};
		B7351DC6212F9BFB00365DCE /* Build configuration list for PBXNativeTarget "WXCP_FlixUITests" */ = {
			isa = XCConfigurationList;
			buildConfigurations = (
				B7351DC7212F9BFB00365DCE /* Debug */,
				B7351DC8212F9BFB00365DCE /* Release */,
			);
			defaultConfigurationIsVisible = 0;
			defaultConfigurationName = Release;
		};
/* End XCConfigurationList section */
	};
	rootObject = B7351D90212F9BFA00365DCE /* Project object */;
}
