// !$*UTF8*$!
{
	archiveVersion = 1;
	classes = {
	};
	objectVersion = 50;
	objects = {

/* Begin PBXBuildFile section */
		B7351D9C212F9BFA00365DCE /* AppDelegate.swift in Sources */ = {isa = PBXBuildFile; fileRef = B7351D9B212F9BFA00365DCE /* AppDelegate.swift */; };
		B7351D9E212F9BFA00365DCE /* ViewController.swift in Sources */ = {isa = PBXBuildFile; fileRef = B7351D9D212F9BFA00365DCE /* ViewController.swift */; };
		B7351DA1212F9BFA00365DCE /* Main.storyboard in Resources */ = {isa = PBXBuildFile; fileRef = B7351D9F212F9BFA00365DCE /* Main.storyboard */; };
		B7351DA3212F9BFB00365DCE /* Assets.xcassets in Resources */ = {isa = PBXBuildFile; fileRef = B7351DA2212F9BFB00365DCE /* Assets.xcassets */; };
		B7351DA6212F9BFB00365DCE /* LaunchScreen.storyboard in Resources */ = {isa = PBXBuildFile; fileRef = B7351DA4212F9BFB00365DCE /* LaunchScreen.storyboard */; };
		B7351DB1212F9BFB00365DCE /* WXCP_FlixTests.swift in Sources */ = {isa = PBXBuildFile; fileRef = B7351DB0212F9BFB00365DCE /* WXCP_FlixTests.swift */; };
		B7351DBC212F9BFB00365DCE /* WXCP_FlixUITests.swift in Sources */ = {isa = PBXBuildFile; fileRef = B7351DBB212F9BFB00365DCE /* WXCP_FlixUITests.swift */; };
/* End PBXBuildFile section */

/* Begin PBXContainerItemProxy section */
		B7351DAD212F9BFB00365DCE /* PBXContainerItemProxy */ = {
			isa = PBXContainerItemProxy;
			containerPortal = B7351D90212F9BFA00365DCE /* Project object */;
			proxyType = 1;
			remoteGlobalIDString = B7351D97212F9BFA00365DCE;
			remoteInfo = WXCP_Flix;
		};
		B7351DB8212F9BFB00365DCE /* PBXContainerItemProxy */ = {
			isa = PBXContainerItemProxy;
			containerPortal = B7351D90212F9BFA00365DCE /* Project object */;
			proxyType = 1;
			remoteGlobalIDString = B7351D97212F9BFA00365DCE;
			remoteInfo = WXCP_Flix;
		};
/* End PBXContainerItemProxy section */

/* Begin PBXFileReference section */
		B7351D98212F9BFA00365DCE /* WXCP_Flix.app */ = {isa = PBXFileReference; explicitFileType = wrapper.application; includeInIndex = 0; path = WXCP_Flix.app; sourceTree = BUILT_PRODUCTS_DIR; };
		B7351D9B212F9BFA00365DCE /* AppDelegate.swift */ = {isa = PBXFileReference; lastKnownFileType = sourcecode.swift; path = AppDelegate.swift; sourceTree = "<group>"; };
		B7351D9D212F9BFA00365DCE /* ViewController.swift */ = {isa = PBXFileReference; lastKnownFileType = sourcecode.swift; path = ViewController.swift; sourceTree = "<group>"; };
		B7351DA0212F9BFA00365DCE /* Base */ = {isa = PBXFileReference; lastKnownFileType = file.storyboard; name = Base; path = Base.lproj/Main.storyboard; sourceTree = "<group>"; };
		B7351DA2212F9BFB00365DCE /* Assets.xcassets */ = {isa = PBXFileReference; lastKnownFileType = folder.assetcatalog; path = Assets.xcassets; sourceTree = "<group>"; };
		B7351DA5212F9BFB00365DCE /* Base */ = {isa = PBXFileReference; lastKnownFileType = file.storyboard; name = Base; path = Base.lproj/LaunchScreen.storyboard; sourceTree = "<group>"; };
		B7351DA7212F9BFB00365DCE /* Info.plist */ = {isa = PBXFileReference; lastKnownFileType = text.plist.xml; path = Info.plist; sourceTree = "<group>"; };
		B7351DAC212F9BFB00365DCE /* WXCP_FlixTests.xctest */ = {isa = PBXFileReference; explicitFileType = wrapper.cfbundle; includeInIndex = 0; path = WXCP_FlixTests.xctest; sourceTree = BUILT_PRODUCTS_DIR; };
		B7351DB0212F9BFB00365DCE /* WXCP_FlixTests.swift */ = {isa = PBXFileReference; lastKnownFileType = sourcecode.swift; path = WXCP_FlixTests.swift; sourceTree = "<group>"; };
		B7351DB2212F9BFB00365DCE /* Info.plist */ = {isa = PBXFileReference; lastKnownFileType = text.plist.xml; path = Info.plist; sourceTree = "<group>"; };
		B7351DB7212F9BFB00365DCE /* WXCP_FlixUITests.xctest */ = {isa = PBXFileReference; explicitFileType = wrapper.cfbundle; includeInIndex = 0; path = WXCP_FlixUITests.xctest; sourceTree = BUILT_PRODUCTS_DIR; };
		B7351DBB212F9BFB00365DCE /* WXCP_FlixUITests.swift */ = {isa = PBXFileReference; lastKnownFileType = sourcecode.swift; path = WXCP_FlixUITests.swift; sourceTree = "<group>"; };
		B7351DBD212F9BFB00365DCE /* Info.plist */ = {isa = PBXFileReference; lastKnownFileType = text.plist.xml; path = Info.plist; sourceTree = "<group>"; };
/* End PBXFileReference section */

/* Begin PBXFrameworksBuildPhase section */
		B7351D95212F9BFA00365DCE /* Frameworks */ = {
			isa = PBXFrameworksBuildPhase;
			buildActionMask = 2147483647;
			files = (
			);
			runOnlyForDeploymentPostprocessing = 0;
		};
		B7351DA9212F9BFB00365DCE /* Frameworks */ = {
			isa = PBXFrameworksBuildPhase;
			buildActionMask = 2147483647;
			files = (
			);
			runOnlyForDeploymentPostprocessing = 0;
		};
		B7351DB4212F9BFB00365DCE /* Frameworks */ = {
			isa = PBXFrameworksBuildPhase;
			buildActionMask = 2147483647;
			files = (
			);
			runOnlyForDeploymentPostprocessing = 0;
		};
/* End PBXFrameworksBuildPhase section */

/* Begin PBXGroup section */
		B7351D8F212F9BFA00365DCE = {
			isa = PBXGroup;
			children = (
				B7351D9A212F9BFA00365DCE /* WXCP_Flix */,
				B7351DAF212F9BFB00365DCE /* WXCP_FlixTests */,
				B7351DBA212F9BFB00365DCE /* WXCP_FlixUITests */,
				B7351D99212F9BFA00365DCE /* Products */,
			);
			sourceTree = "<group>";
		};
		B7351D99212F9BFA00365DCE /* Products */ = {
			isa = PBXGroup;
			children = (
				B7351D98212F9BFA00365DCE /* WXCP_Flix.app */,
				B7351DAC212F9BFB00365DCE /* WXCP_FlixTests.xctest */,
				B7351DB7212F9BFB00365DCE /* WXCP_FlixUITests.xctest */,
			);
			name = Products;
			sourceTree = "<group>";
		};
		B7351D9A212F9BFA00365DCE /* WXCP_Flix */ = {
			isa = PBXGroup;
			children = (
				B7351D9B212F9BFA00365DCE /* AppDelegate.swift */,
				B7351D9D212F9BFA00365DCE /* ViewController.swift */,
				B7351D9F212F9BFA00365DCE /* Main.storyboard */,
				B7351DA2212F9BFB00365DCE /* Assets.xcassets */,
				B7351DA4212F9BFB00365DCE /* LaunchScreen.storyboard */,
				B7351DA7212F9BFB00365DCE /* Info.plist */,
			);
			path = WXCP_Flix;
			sourceTree = "<group>";
		};
		B7351DAF212F9BFB00365DCE /* WXCP_FlixTests */ = {
			isa = PBXGroup;
			children = (
				B7351DB0212F9BFB00365DCE /* WXCP_FlixTests.swift */,
				B7351DB2212F9BFB00365DCE /* Info.plist */,
			);
			path = WXCP_FlixTests;
			sourceTree = "<group>";
		};
		B7351DBA212F9BFB00365DCE /* WXCP_FlixUITests */ = {
			isa = PBXGroup;
			children = (
				B7351DBB212F9BFB00365DCE /* WXCP_FlixUITests.swift */,
				B7351DBD212F9BFB00365DCE /* Info.plist */,
			);
			path = WXCP_FlixUITests;
			sourceTree = "<group>";
		};
/* End PBXGroup section */

/* Begin PBXNativeTarget section */
		B7351D97212F9BFA00365DCE /* WXCP_Flix */ = {
			isa = PBXNativeTarget;
			buildConfigurationList = B7351DC0212F9BFB00365DCE /* Build configuration list for PBXNativeTarget "WXCP_Flix" */;
			buildPhases = (
				B7351D94212F9BFA00365DCE /* Sources */,
				B7351D95212F9BFA00365DCE /* Frameworks */,
				B7351D96212F9BFA00365DCE /* Resources */,
			);
			buildRules = (
			);
			dependencies = (
			);
			name = WXCP_Flix;
			productName = WXCP_Flix;
			productReference = B7351D98212F9BFA00365DCE /* WXCP_Flix.app */;
			productType = "com.apple.product-type.application";
		};
		B7351DAB212F9BFB00365DCE /* WXCP_FlixTests */ = {
			isa = PBXNativeTarget;
			buildConfigurationList = B7351DC3212F9BFB00365DCE /* Build configuration list for PBXNativeTarget "WXCP_FlixTests" */;
			buildPhases = (
				B7351DA8212F9BFB00365DCE /* Sources */,
				B7351DA9212F9BFB00365DCE /* Frameworks */,
				B7351DAA212F9BFB00365DCE /* Resources */,
			);
			buildRules = (
			);
			dependencies = (
				B7351DAE212F9BFB00365DCE /* PBXTargetDependency */,
			);
			name = WXCP_FlixTests;
			productName = WXCP_FlixTests;
			productReference = B7351DAC212F9BFB00365DCE /* WXCP_FlixTests.xctest */;
			productType = "com.apple.product-type.bundle.unit-test";
		};
		B7351DB6212F9BFB00365DCE /* WXCP_FlixUITests */ = {
			isa = PBXNativeTarget;
			buildConfigurationList = B7351DC6212F9BFB00365DCE /* Build configuration list for PBXNativeTarget "WXCP_FlixUITests" */;
			buildPhases = (
				B7351DB3212F9BFB00365DCE /* Sources */,
				B7351DB4212F9BFB00365DCE /* Frameworks */,
				B7351DB5212F9BFB00365DCE /* Resources */,
			);
			buildRules = (
			);
			dependencies = (
				B7351DB9212F9BFB00365DCE /* PBXTargetDependency */,
			);
			name = WXCP_FlixUITests;
			productName = WXCP_FlixUITests;
			productReference = B7351DB7212F9BFB00365DCE /* WXCP_FlixUITests.xctest */;
			productType = "com.apple.product-type.bundle.ui-testing";
		};
/* End PBXNativeTarget section */

/* Begin PBXProject section */
		B7351D90212F9BFA00365DCE /* Project object */ = {
			isa = PBXProject;
			attributes = {
				LastSwiftUpdateCheck = 0940;
				LastUpgradeCheck = 0940;
				ORGANIZATIONNAME = "Will Xu ";
				TargetAttributes = {
					B7351D97212F9BFA00365DCE = {
						CreatedOnToolsVersion = 9.4.1;
					};
					B7351DAB212F9BFB00365DCE = {
						CreatedOnToolsVersion = 9.4.1;
						TestTargetID = B7351D97212F9BFA00365DCE;
					};
					B7351DB6212F9BFB00365DCE = {
						CreatedOnToolsVersion = 9.4.1;
						TestTargetID = B7351D97212F9BFA00365DCE;
					};
				};
			};
			buildConfigurationList = B7351D93212F9BFA00365DCE /* Build configuration list for PBXProject "WXCP_Flix" */;
			compatibilityVersion = "Xcode 9.3";
			developmentRegion = en;
			hasScannedForEncodings = 0;
			knownRegions = (
				en,
				Base,
			);
			mainGroup = B7351D8F212F9BFA00365DCE;
			productRefGroup = B7351D99212F9BFA00365DCE /* Products */;
			projectDirPath = "";
			projectRoot = "";
			targets = (
				B7351D97212F9BFA00365DCE /* WXCP_Flix */,
				B7351DAB212F9BFB00365DCE /* WXCP_FlixTests */,
				B7351DB6212F9BFB00365DCE /* WXCP_FlixUITests */,
			);
		};
/* End PBXProject section */

/* Begin PBXResourcesBuildPhase section */
		B7351D96212F9BFA00365DCE /* Resources */ = {
			isa = PBXResourcesBuildPhase;
			buildActionMask = 2147483647;
			files = (
				B7351DA6212F9BFB00365DCE /* LaunchScreen.storyboard in Resources */,
				B7351DA3212F9BFB00365DCE /* Assets.xcassets in Resources */,
				B7351DA1212F9BFA00365DCE /* Main.storyboard in Resources */,
			);
			runOnlyForDeploymentPostprocessing = 0;
		};
		B7351DAA212F9BFB00365DCE /* Resources */ = {
			isa = PBXResourcesBuildPhase;
			buildActionMask = 2147483647;
			files = (
			);
			runOnlyForDeploymentPostprocessing = 0;
		};
		B7351DB5212F9BFB00365DCE /* Resources */ = {
			isa = PBXResourcesBuildPhase;
			buildActionMask = 2147483647;
			files = (
			);
			runOnlyForDeploymentPostprocessing = 0;
		};
/* End PBXResourcesBuildPhase section */

/* Begin PBXSourcesBuildPhase section */
		B7351D94212F9BFA00365DCE /* Sources */ = {
			isa = PBXSourcesBuildPhase;
			buildActionMask = 2147483647;
			files = (
				B7351D9E212F9BFA00365DCE /* ViewController.swift in Sources */,
				B7351D9C212F9BFA00365DCE /* AppDelegate.swift in Sources */,
			);
			runOnlyForDeploymentPostprocessing = 0;
		};
		B7351DA8212F9BFB00365DCE /* Sources */ = {
			isa = PBXSourcesBuildPhase;
			buildActionMask = 2147483647;
			files = (
				B7351DB1212F9BFB00365DCE /* WXCP_FlixTests.swift in Sources */,
			);
			runOnlyForDeploymentPostprocessing = 0;
		};
		B7351DB3212F9BFB00365DCE /* Sources */ = {
			isa = PBXSourcesBuildPhase;
			buildActionMask = 2147483647;
			files = (
				B7351DBC212F9BFB00365DCE /* WXCP_FlixUITests.swift in Sources */,
			);
			runOnlyForDeploymentPostprocessing = 0;
		};
/* End PBXSourcesBuildPhase section */

/* Begin PBXTargetDependency section */
		B7351DAE212F9BFB00365DCE /* PBXTargetDependency */ = {
			isa = PBXTargetDependency;
			target = B7351D97212F9BFA00365DCE /* WXCP_Flix */;
			targetProxy = B7351DAD212F9BFB00365DCE /* PBXContainerItemProxy */;
		};
		B7351DB9212F9BFB00365DCE /* PBXTargetDependency */ = {
			isa = PBXTargetDependency;
			target = B7351D97212F9BFA00365DCE /* WXCP_Flix */;
			targetProxy = B7351DB8212F9BFB00365DCE /* PBXContainerItemProxy */;
		};
/* End PBXTargetDependency section */

/* Begin PBXVariantGroup section */
		B7351D9F212F9BFA00365DCE /* Main.storyboard */ = {
			isa = PBXVariantGroup;
			children = (
				B7351DA0212F9BFA00365DCE /* Base */,
			);
			name = Main.storyboard;
			sourceTree = "<group>";
		};
		B7351DA4212F9BFB00365DCE /* LaunchScreen.storyboard */ = {
			isa = PBXVariantGroup;
			children = (
				B7351DA5212F9BFB00365DCE /* Base */,
			);
			name = LaunchScreen.storyboard;
			sourceTree = "<group>";
		};
/* End PBXVariantGroup section */

/* Begin XCBuildConfiguration section */
		B7351DBE212F9BFB00365DCE /* Debug */ = {
			isa = XCBuildConfiguration;
			buildSettings = {
				ALWAYS_SEARCH_USER_PATHS = NO;
				CLANG_ANALYZER_NONNULL = YES;
				CLANG_ANALYZER_NUMBER_OBJECT_CONVERSION = YES_AGGRESSIVE;
				CLANG_CXX_LANGUAGE_STANDARD = "gnu++14";
				CLANG_CXX_LIBRARY = "libc++";
				CLANG_ENABLE_MODULES = YES;
				CLANG_ENABLE_OBJC_ARC = YES;
				CLANG_ENABLE_OBJC_WEAK = YES;
				CLANG_WARN_BLOCK_CAPTURE_AUTORELEASING = YES;
				CLANG_WARN_BOOL_CONVERSION = YES;
				CLANG_WARN_COMMA = YES;
				CLANG_WARN_CONSTANT_CONVERSION = YES;
				CLANG_WARN_DEPRECATED_OBJC_IMPLEMENTATIONS = YES;
				CLANG_WARN_DIRECT_OBJC_ISA_USAGE = YES_ERROR;
				CLANG_WARN_DOCUMENTATION_COMMENTS = YES;
				CLANG_WARN_EMPTY_BODY = YES;
				CLANG_WARN_ENUM_CONVERSION = YES;
				CLANG_WARN_INFINITE_RECURSION = YES;
				CLANG_WARN_INT_CONVERSION = YES;
				CLANG_WARN_NON_LITERAL_NULL_CONVERSION = YES;
				CLANG_WARN_OBJC_IMPLICIT_RETAIN_SELF = YES;
				CLANG_WARN_OBJC_LITERAL_CONVERSION = YES;
				CLANG_WARN_OBJC_ROOT_CLASS = YES_ERROR;
				CLANG_WARN_RANGE_LOOP_ANALYSIS = YES;
				CLANG_WARN_STRICT_PROTOTYPES = YES;
				CLANG_WARN_SUSPICIOUS_MOVE = YES;
				CLANG_WARN_UNGUARDED_AVAILABILITY = YES_AGGRESSIVE;
				CLANG_WARN_UNREACHABLE_CODE = YES;
				CLANG_WARN__DUPLICATE_METHOD_MATCH = YES;
				CODE_SIGN_IDENTITY = "iPhone Developer";
				COPY_PHASE_STRIP = NO;
				DEBUG_INFORMATION_FORMAT = dwarf;
				ENABLE_STRICT_OBJC_MSGSEND = YES;
				ENABLE_TESTABILITY = YES;
				GCC_C_LANGUAGE_STANDARD = gnu11;
				GCC_DYNAMIC_NO_PIC = NO;
				GCC_NO_COMMON_BLOCKS = YES;
				GCC_OPTIMIZATION_LEVEL = 0;
				GCC_PREPROCESSOR_DEFINITIONS = (
					"DEBUG=1",
					"$(inherited)",
				);
				GCC_WARN_64_TO_32_BIT_CONVERSION = YES;
				GCC_WARN_ABOUT_RETURN_TYPE = YES_ERROR;
				GCC_WARN_UNDECLARED_SELECTOR = YES;
				GCC_WARN_UNINITIALIZED_AUTOS = YES_AGGRESSIVE;
				GCC_WARN_UNUSED_FUNCTION = YES;
				GCC_WARN_UNUSED_VARIABLE = YES;
				IPHONEOS_DEPLOYMENT_TARGET = 11.4;
				MTL_ENABLE_DEBUG_INFO = YES;
				ONLY_ACTIVE_ARCH = YES;
				SDKROOT = iphoneos;
				SWIFT_ACTIVE_COMPILATION_CONDITIONS = DEBUG;
				SWIFT_OPTIMIZATION_LEVEL = "-Onone";
			};
			name = Debug;
		};
		B7351DBF212F9BFB00365DCE /* Release */ = {
			isa = XCBuildConfiguration;
			buildSettings = {
				ALWAYS_SEARCH_USER_PATHS = NO;
				CLANG_ANALYZER_NONNULL = YES;
				CLANG_ANALYZER_NUMBER_OBJECT_CONVERSION = YES_AGGRESSIVE;
				CLANG_CXX_LANGUAGE_STANDARD = "gnu++14";
				CLANG_CXX_LIBRARY = "libc++";
				CLANG_ENABLE_MODULES = YES;
				CLANG_ENABLE_OBJC_ARC = YES;
				CLANG_ENABLE_OBJC_WEAK = YES;
				CLANG_WARN_BLOCK_CAPTURE_AUTORELEASING = YES;
				CLANG_WARN_BOOL_CONVERSION = YES;
				CLANG_WARN_COMMA = YES;
				CLANG_WARN_CONSTANT_CONVERSION = YES;
				CLANG_WARN_DEPRECATED_OBJC_IMPLEMENTATIONS = YES;
				CLANG_WARN_DIRECT_OBJC_ISA_USAGE = YES_ERROR;
				CLANG_WARN_DOCUMENTATION_COMMENTS = YES;
				CLANG_WARN_EMPTY_BODY = YES;
				CLANG_WARN_ENUM_CONVERSION = YES;
				CLANG_WARN_INFINITE_RECURSION = YES;
				CLANG_WARN_INT_CONVERSION = YES;
				CLANG_WARN_NON_LITERAL_NULL_CONVERSION = YES;
				CLANG_WARN_OBJC_IMPLICIT_RETAIN_SELF = YES;
				CLANG_WARN_OBJC_LITERAL_CONVERSION = YES;
				CLANG_WARN_OBJC_ROOT_CLASS = YES_ERROR;
				CLANG_WARN_RANGE_LOOP_ANALYSIS = YES;
				CLANG_WARN_STRICT_PROTOTYPES = YES;
				CLANG_WARN_SUSPICIOUS_MOVE = YES;
				CLANG_WARN_UNGUARDED_AVAILABILITY = YES_AGGRESSIVE;
				CLANG_WARN_UNREACHABLE_CODE = YES;
				CLANG_WARN__DUPLICATE_METHOD_MATCH = YES;
				CODE_SIGN_IDENTITY = "iPhone Developer";
				COPY_PHASE_STRIP = NO;
				DEBUG_INFORMATION_FORMAT = "dwarf-with-dsym";
				ENABLE_NS_ASSERTIONS = NO;
				ENABLE_STRICT_OBJC_MSGSEND = YES;
				GCC_C_LANGUAGE_STANDARD = gnu11;
				GCC_NO_COMMON_BLOCKS = YES;
				GCC_WARN_64_TO_32_BIT_CONVERSION = YES;
				GCC_WARN_ABOUT_RETURN_TYPE = YES_ERROR;
				GCC_WARN_UNDECLARED_SELECTOR = YES;
				GCC_WARN_UNINITIALIZED_AUTOS = YES_AGGRESSIVE;
				GCC_WARN_UNUSED_FUNCTION = YES;
				GCC_WARN_UNUSED_VARIABLE = YES;
				IPHONEOS_DEPLOYMENT_TARGET = 11.4;
				MTL_ENABLE_DEBUG_INFO = NO;
				SDKROOT = iphoneos;
				SWIFT_COMPILATION_MODE = wholemodule;
				SWIFT_OPTIMIZATION_LEVEL = "-O";
				VALIDATE_PRODUCT = YES;
			};
			name = Release;
		};
		B7351DC1212F9BFB00365DCE /* Debug */ = {
			isa = XCBuildConfiguration;
			buildSettings = {
				ASSETCATALOG_COMPILER_APPICON_NAME = AppIcon;
				CODE_SIGN_STYLE = Automatic;
				DEVELOPMENT_TEAM = 6JP3MMS6QY;
				INFOPLIST_FILE = WXCP_Flix/Info.plist;
				LD_RUNPATH_SEARCH_PATHS = (
					"$(inherited)",
					"@executable_path/Frameworks",
				);
				PRODUCT_BUNDLE_IDENTIFIER = "com.codepath.WXCP-Flix";
				PRODUCT_NAME = "$(TARGET_NAME)";
				SWIFT_VERSION = 4.0;
				TARGETED_DEVICE_FAMILY = "1,2";
			};
			name = Debug;
		};
		B7351DC2212F9BFB00365DCE /* Release */ = {
			isa = XCBuildConfiguration;
			buildSettings = {
				ASSETCATALOG_COMPILER_APPICON_NAME = AppIcon;
				CODE_SIGN_STYLE = Automatic;
				DEVELOPMENT_TEAM = 6JP3MMS6QY;
				INFOPLIST_FILE = WXCP_Flix/Info.plist;
				LD_RUNPATH_SEARCH_PATHS = (
					"$(inherited)",
					"@executable_path/Frameworks",
				);
				PRODUCT_BUNDLE_IDENTIFIER = "com.codepath.WXCP-Flix";
				PRODUCT_NAME = "$(TARGET_NAME)";
				SWIFT_VERSION = 4.0;
				TARGETED_DEVICE_FAMILY = "1,2";
			};
			name = Release;
		};
		B7351DC4212F9BFB00365DCE /* Debug */ = {
			isa = XCBuildConfiguration;
			buildSettings = {
				ALWAYS_EMBED_SWIFT_STANDARD_LIBRARIES = YES;
				BUNDLE_LOADER = "$(TEST_HOST)";
				CODE_SIGN_STYLE = Automatic;
				DEVELOPMENT_TEAM = 6JP3MMS6QY;
				INFOPLIST_FILE = WXCP_FlixTests/Info.plist;
				LD_RUNPATH_SEARCH_PATHS = (
					"$(inherited)",
					"@executable_path/Frameworks",
					"@loader_path/Frameworks",
				);
				PRODUCT_BUNDLE_IDENTIFIER = "com.codepath.WXCP-FlixTests";
				PRODUCT_NAME = "$(TARGET_NAME)";
				SWIFT_VERSION = 4.0;
				TARGETED_DEVICE_FAMILY = "1,2";
				TEST_HOST = "$(BUILT_PRODUCTS_DIR)/WXCP_Flix.app/WXCP_Flix";
			};
			name = Debug;
		};
		B7351DC5212F9BFB00365DCE /* Release */ = {
			isa = XCBuildConfiguration;
			buildSettings = {
				ALWAYS_EMBED_SWIFT_STANDARD_LIBRARIES = YES;
				BUNDLE_LOADER = "$(TEST_HOST)";
				CODE_SIGN_STYLE = Automatic;
				DEVELOPMENT_TEAM = 6JP3MMS6QY;
				INFOPLIST_FILE = WXCP_FlixTests/Info.plist;
				LD_RUNPATH_SEARCH_PATHS = (
					"$(inherited)",
					"@executable_path/Frameworks",
					"@loader_path/Frameworks",
				);
				PRODUCT_BUNDLE_IDENTIFIER = "com.codepath.WXCP-FlixTests";
				PRODUCT_NAME = "$(TARGET_NAME)";
				SWIFT_VERSION = 4.0;
				TARGETED_DEVICE_FAMILY = "1,2";
				TEST_HOST = "$(BUILT_PRODUCTS_DIR)/WXCP_Flix.app/WXCP_Flix";
			};
			name = Release;
		};
		B7351DC7212F9BFB00365DCE /* Debug */ = {
			isa = XCBuildConfiguration;
			buildSettings = {
				ALWAYS_EMBED_SWIFT_STANDARD_LIBRARIES = YES;
				CODE_SIGN_STYLE = Automatic;
				DEVELOPMENT_TEAM = 6JP3MMS6QY;
				INFOPLIST_FILE = WXCP_FlixUITests/Info.plist;
				LD_RUNPATH_SEARCH_PATHS = (
					"$(inherited)",
					"@executable_path/Frameworks",
					"@loader_path/Frameworks",
				);
				PRODUCT_BUNDLE_IDENTIFIER = "com.codepath.WXCP-FlixUITests";
				PRODUCT_NAME = "$(TARGET_NAME)";
				SWIFT_VERSION = 4.0;
				TARGETED_DEVICE_FAMILY = "1,2";
				TEST_TARGET_NAME = WXCP_Flix;
			};
			name = Debug;
		};
		B7351DC8212F9BFB00365DCE /* Release */ = {
			isa = XCBuildConfiguration;
			buildSettings = {
				ALWAYS_EMBED_SWIFT_STANDARD_LIBRARIES = YES;
				CODE_SIGN_STYLE = Automatic;
				DEVELOPMENT_TEAM = 6JP3MMS6QY;
				INFOPLIST_FILE = WXCP_FlixUITests/Info.plist;
				LD_RUNPATH_SEARCH_PATHS = (
					"$(inherited)",
					"@executable_path/Frameworks",
					"@loader_path/Frameworks",
				);
				PRODUCT_BUNDLE_IDENTIFIER = "com.codepath.WXCP-FlixUITests";
				PRODUCT_NAME = "$(TARGET_NAME)";
				SWIFT_VERSION = 4.0;
				TARGETED_DEVICE_FAMILY = "1,2";
				TEST_TARGET_NAME = WXCP_Flix;
			};
			name = Release;
		};
/* End XCBuildConfiguration section */

/* Begin XCConfigurationList section */
		B7351D93212F9BFA00365DCE /* Build configuration list for PBXProject "WXCP_Flix" */ = {
			isa = XCConfigurationList;
			buildConfigurations = (
				B7351DBE212F9BFB00365DCE /* Debug */,
				B7351DBF212F9BFB00365DCE /* Release */,
			);
			defaultConfigurationIsVisible = 0;
			defaultConfigurationName = Release;
		};
		B7351DC0212F9BFB00365DCE /* Build configuration list for PBXNativeTarget "WXCP_Flix" */ = {
			isa = XCConfigurationList;
			buildConfigurations = (
				B7351DC1212F9BFB00365DCE /* Debug */,
				B7351DC2212F9BFB00365DCE /* Release */,
			);
			defaultConfigurationIsVisible = 0;
			defaultConfigurationName = Release;
		};
		B7351DC3212F9BFB00365DCE /* Build configuration list for PBXNativeTarget "WXCP_FlixTests" */ = {
			isa = XCConfigurationList;
			buildConfigurations = (
				B7351DC4212F9BFB00365DCE /* Debug */,
				B7351DC5212F9BFB00365DCE /* Release */,
			);
			defaultConfigurationIsVisible = 0;
			defaultConfigurationName = Release;
		};
		B7351DC6212F9BFB00365DCE /* Build configuration list for PBXNativeTarget "WXCP_FlixUITests" */ = {
			isa = XCConfigurationList;
			buildConfigurations = (
				B7351DC7212F9BFB00365DCE /* Debug */,
				B7351DC8212F9BFB00365DCE /* Release */,
			);
			defaultConfigurationIsVisible = 0;
			defaultConfigurationName = Release;
		};
/* End XCConfigurationList section */
	};
	rootObject = B7351D90212F9BFA00365DCE /* Project object */;
}
